// !$*UTF8*$!
{
	archiveVersion = 1;
	classes = {
	};
	objectVersion = 50;
	objects = {

/* Begin PBXBuildFile section */
		14F523482162433800C34461 /* AppDelegate.swift in Sources */ = {isa = PBXBuildFile; fileRef = 14F523472162433800C34461 /* AppDelegate.swift */; };
		14F5234A2162433800C34461 /* WeatherViewController.swift in Sources */ = {isa = PBXBuildFile; fileRef = 14F523492162433800C34461 /* WeatherViewController.swift */; };
		14F5234D2162433800C34461 /* Main.storyboard in Resources */ = {isa = PBXBuildFile; fileRef = 14F5234B2162433800C34461 /* Main.storyboard */; };
		14F5234F2162433A00C34461 /* Assets.xcassets in Resources */ = {isa = PBXBuildFile; fileRef = 14F5234E2162433A00C34461 /* Assets.xcassets */; };
		14F523522162433A00C34461 /* LaunchScreen.storyboard in Resources */ = {isa = PBXBuildFile; fileRef = 14F523502162433A00C34461 /* LaunchScreen.storyboard */; };
		14F5235F21628AA000C34461 /* WeatherDataModel.swift in Sources */ = {isa = PBXBuildFile; fileRef = 14F5235E21628AA000C34461 /* WeatherDataModel.swift */; };
		14F5236121628D4500C34461 /* ChangeCityViewController.swift in Sources */ = {isa = PBXBuildFile; fileRef = 14F5236021628D4500C34461 /* ChangeCityViewController.swift */; };
/* End PBXBuildFile section */

/* Begin PBXFileReference section */
		14F523442162433800C34461 /* Pogodynka.app */ = {isa = PBXFileReference; explicitFileType = wrapper.application; includeInIndex = 0; path = Pogodynka.app; sourceTree = BUILT_PRODUCTS_DIR; };
		14F523472162433800C34461 /* AppDelegate.swift */ = {isa = PBXFileReference; lastKnownFileType = sourcecode.swift; path = AppDelegate.swift; sourceTree = "<group>"; };
		14F523492162433800C34461 /* WeatherViewController.swift */ = {isa = PBXFileReference; lastKnownFileType = sourcecode.swift; path = WeatherViewController.swift; sourceTree = "<group>"; };
		14F5234C2162433800C34461 /* Base */ = {isa = PBXFileReference; lastKnownFileType = file.storyboard; name = Base; path = Base.lproj/Main.storyboard; sourceTree = "<group>"; };
		14F5234E2162433A00C34461 /* Assets.xcassets */ = {isa = PBXFileReference; lastKnownFileType = folder.assetcatalog; path = Assets.xcassets; sourceTree = "<group>"; };
		14F523512162433A00C34461 /* Base */ = {isa = PBXFileReference; lastKnownFileType = file.storyboard; name = Base; path = Base.lproj/LaunchScreen.storyboard; sourceTree = "<group>"; };
		14F523532162433A00C34461 /* Info.plist */ = {isa = PBXFileReference; lastKnownFileType = text.plist.xml; path = Info.plist; sourceTree = "<group>"; };
		14F5235E21628AA000C34461 /* WeatherDataModel.swift */ = {isa = PBXFileReference; lastKnownFileType = sourcecode.swift; path = WeatherDataModel.swift; sourceTree = "<group>"; };
		14F5236021628D4500C34461 /* ChangeCityViewController.swift */ = {isa = PBXFileReference; lastKnownFileType = sourcecode.swift; path = ChangeCityViewController.swift; sourceTree = "<group>"; };
/* End PBXFileReference section */

/* Begin PBXFrameworksBuildPhase section */
		14F523412162433800C34461 /* Frameworks */ = {
			isa = PBXFrameworksBuildPhase;
			buildActionMask = 2147483647;
			files = (
			);
			runOnlyForDeploymentPostprocessing = 0;
		};
/* End PBXFrameworksBuildPhase section */

/* Begin PBXGroup section */
		14F5233B2162433800C34461 = {
			isa = PBXGroup;
			children = (
				14F523462162433800C34461 /* Pogodynka */,
				14F523452162433800C34461 /* Products */,
			);
			sourceTree = "<group>";
		};
		14F523452162433800C34461 /* Products */ = {
			isa = PBXGroup;
			children = (
				14F523442162433800C34461 /* Pogodynka.app */,
			);
			name = Products;
			sourceTree = "<group>";
		};
		14F523462162433800C34461 /* Pogodynka */ = {
			isa = PBXGroup;
			children = (
				14F5235A2162435200C34461 /* Model */,
				14F523592162434500C34461 /* View */,
				14F5235B2162435F00C34461 /* Controller */,
				14F5234E2162433A00C34461 /* Assets.xcassets */,
				14F523502162433A00C34461 /* LaunchScreen.storyboard */,
				14F523532162433A00C34461 /* Info.plist */,
			);
			path = Pogodynka;
			sourceTree = "<group>";
		};
		14F523592162434500C34461 /* View */ = {
			isa = PBXGroup;
			children = (
				14F5234B2162433800C34461 /* Main.storyboard */,
			);
			path = View;
			sourceTree = "<group>";
		};
		14F5235A2162435200C34461 /* Model */ = {
			isa = PBXGroup;
			children = (
				14F5235E21628AA000C34461 /* WeatherDataModel.swift */,
			);
			path = Model;
			sourceTree = "<group>";
		};
		14F5235B2162435F00C34461 /* Controller */ = {
			isa = PBXGroup;
			children = (
				14F523492162433800C34461 /* WeatherViewController.swift */,
				14F523472162433800C34461 /* AppDelegate.swift */,
				14F5236021628D4500C34461 /* ChangeCityViewController.swift */,
			);
			path = Controller;
			sourceTree = "<group>";
		};
/* End PBXGroup section */

/* Begin PBXNativeTarget section */
		14F523432162433800C34461 /* Pogodynka */ = {
			isa = PBXNativeTarget;
			buildConfigurationList = 14F523562162433A00C34461 /* Build configuration list for PBXNativeTarget "Pogodynka" */;
			buildPhases = (
				14F523402162433800C34461 /* Sources */,
				14F523412162433800C34461 /* Frameworks */,
				14F523422162433800C34461 /* Resources */,
			);
			buildRules = (
			);
			dependencies = (
			);
			name = Pogodynka;
			productName = Pogodynka;
			productReference = 14F523442162433800C34461 /* Pogodynka.app */;
			productType = "com.apple.product-type.application";
		};
/* End PBXNativeTarget section */

/* Begin PBXProject section */
		14F5233C2162433800C34461 /* Project object */ = {
			isa = PBXProject;
			attributes = {
				LastSwiftUpdateCheck = 1000;
				LastUpgradeCheck = 1000;
				ORGANIZATIONNAME = Filip;
				TargetAttributes = {
					14F523432162433800C34461 = {
						CreatedOnToolsVersion = 10.0;
					};
				};
			};
			buildConfigurationList = 14F5233F2162433800C34461 /* Build configuration list for PBXProject "Pogodynka" */;
			compatibilityVersion = "Xcode 9.3";
			developmentRegion = en;
			hasScannedForEncodings = 0;
			knownRegions = (
				en,
				Base,
			);
			mainGroup = 14F5233B2162433800C34461;
			productRefGroup = 14F523452162433800C34461 /* Products */;
			projectDirPath = "";
			projectRoot = "";
			targets = (
				14F523432162433800C34461 /* Pogodynka */,
			);
		};
/* End PBXProject section */

/* Begin PBXResourcesBuildPhase section */
		14F523422162433800C34461 /* Resources */ = {
			isa = PBXResourcesBuildPhase;
			buildActionMask = 2147483647;
			files = (
				14F523522162433A00C34461 /* LaunchScreen.storyboard in Resources */,
				14F5234F2162433A00C34461 /* Assets.xcassets in Resources */,
				14F5234D2162433800C34461 /* Main.storyboard in Resources */,
			);
			runOnlyForDeploymentPostprocessing = 0;
		};
/* End PBXResourcesBuildPhase section */

/* Begin PBXSourcesBuildPhase section */
		14F523402162433800C34461 /* Sources */ = {
			isa = PBXSourcesBuildPhase;
			buildActionMask = 2147483647;
			files = (
				14F5235F21628AA000C34461 /* WeatherDataModel.swift in Sources */,
				14F5234A2162433800C34461 /* WeatherViewController.swift in Sources */,
				14F523482162433800C34461 /* AppDelegate.swift in Sources */,
				14F5236121628D4500C34461 /* ChangeCityViewController.swift in Sources */,
			);
			runOnlyForDeploymentPostprocessing = 0;
		};
/* End PBXSourcesBuildPhase section */

/* Begin PBXVariantGroup section */
		14F5234B2162433800C34461 /* Main.storyboard */ = {
			isa = PBXVariantGroup;
			children = (
				14F5234C2162433800C34461 /* Base */,
			);
			name = Main.storyboard;
			sourceTree = "<group>";
		};
		14F523502162433A00C34461 /* LaunchScreen.storyboard */ = {
			isa = PBXVariantGroup;
			children = (
				14F523512162433A00C34461 /* Base */,
			);
			name = LaunchScreen.storyboard;
			sourceTree = "<group>";
		};
/* End PBXVariantGroup section */

/* Begin XCBuildConfiguration section */
		14F523542162433A00C34461 /* Debug */ = {
			isa = XCBuildConfiguration;
			buildSettings = {
				ALWAYS_SEARCH_USER_PATHS = NO;
				CLANG_ANALYZER_NONNULL = YES;
				CLANG_ANALYZER_NUMBER_OBJECT_CONVERSION = YES_AGGRESSIVE;
				CLANG_CXX_LANGUAGE_STANDARD = "gnu++14";
				CLANG_CXX_LIBRARY = "libc++";
				CLANG_ENABLE_MODULES = YES;
				CLANG_ENABLE_OBJC_ARC = YES;
				CLANG_ENABLE_OBJC_WEAK = YES;
				CLANG_WARN_BLOCK_CAPTURE_AUTORELEASING = YES;
				CLANG_WARN_BOOL_CONVERSION = YES;
				CLANG_WARN_COMMA = YES;
				CLANG_WARN_CONSTANT_CONVERSION = YES;
				CLANG_WARN_DEPRECATED_OBJC_IMPLEMENTATIONS = YES;
				CLANG_WARN_DIRECT_OBJC_ISA_USAGE = YES_ERROR;
				CLANG_WARN_DOCUMENTATION_COMMENTS = YES;
				CLANG_WARN_EMPTY_BODY = YES;
				CLANG_WARN_ENUM_CONVERSION = YES;
				CLANG_WARN_INFINITE_RECURSION = YES;
				CLANG_WARN_INT_CONVERSION = YES;
				CLANG_WARN_NON_LITERAL_NULL_CONVERSION = YES;
				CLANG_WARN_OBJC_IMPLICIT_RETAIN_SELF = YES;
				CLANG_WARN_OBJC_LITERAL_CONVERSION = YES;
				CLANG_WARN_OBJC_ROOT_CLASS = YES_ERROR;
				CLANG_WARN_RANGE_LOOP_ANALYSIS = YES;
				CLANG_WARN_STRICT_PROTOTYPES = YES;
				CLANG_WARN_SUSPICIOUS_MOVE = YES;
				CLANG_WARN_UNGUARDED_AVAILABILITY = YES_AGGRESSIVE;
				CLANG_WARN_UNREACHABLE_CODE = YES;
				CLANG_WARN__DUPLICATE_METHOD_MATCH = YES;
				CODE_SIGN_IDENTITY = "iPhone Developer";
				COPY_PHASE_STRIP = NO;
				DEBUG_INFORMATION_FORMAT = dwarf;
				ENABLE_STRICT_OBJC_MSGSEND = YES;
				ENABLE_TESTABILITY = YES;
				GCC_C_LANGUAGE_STANDARD = gnu11;
				GCC_DYNAMIC_NO_PIC = NO;
				GCC_NO_COMMON_BLOCKS = YES;
				GCC_OPTIMIZATION_LEVEL = 0;
				GCC_PREPROCESSOR_DEFINITIONS = (
					"DEBUG=1",
					"$(inherited)",
				);
				GCC_WARN_64_TO_32_BIT_CONVERSION = YES;
				GCC_WARN_ABOUT_RETURN_TYPE = YES_ERROR;
				GCC_WARN_UNDECLARED_SELECTOR = YES;
				GCC_WARN_UNINITIALIZED_AUTOS = YES_AGGRESSIVE;
				GCC_WARN_UNUSED_FUNCTION = YES;
				GCC_WARN_UNUSED_VARIABLE = YES;
				IPHONEOS_DEPLOYMENT_TARGET = 12.0;
				MTL_ENABLE_DEBUG_INFO = INCLUDE_SOURCE;
				MTL_FAST_MATH = YES;
				ONLY_ACTIVE_ARCH = YES;
				SDKROOT = iphoneos;
				SWIFT_ACTIVE_COMPILATION_CONDITIONS = DEBUG;
				SWIFT_OPTIMIZATION_LEVEL = "-Onone";
			};
			name = Debug;
		};
		14F523552162433A00C34461 /* Release */ = {
			isa = XCBuildConfiguration;
			buildSettings = {
				ALWAYS_SEARCH_USER_PATHS = NO;
				CLANG_ANALYZER_NONNULL = YES;
				CLANG_ANALYZER_NUMBER_OBJECT_CONVERSION = YES_AGGRESSIVE;
				CLANG_CXX_LANGUAGE_STANDARD = "gnu++14";
				CLANG_CXX_LIBRARY = "libc++";
				CLANG_ENABLE_MODULES = YES;
				CLANG_ENABLE_OBJC_ARC = YES;
				CLANG_ENABLE_OBJC_WEAK = YES;
				CLANG_WARN_BLOCK_CAPTURE_AUTORELEASING = YES;
				CLANG_WARN_BOOL_CONVERSION = YES;
				CLANG_WARN_COMMA = YES;
				CLANG_WARN_CONSTANT_CONVERSION = YES;
				CLANG_WARN_DEPRECATED_OBJC_IMPLEMENTATIONS = YES;
				CLANG_WARN_DIRECT_OBJC_ISA_USAGE = YES_ERROR;
				CLANG_WARN_DOCUMENTATION_COMMENTS = YES;
				CLANG_WARN_EMPTY_BODY = YES;
				CLANG_WARN_ENUM_CONVERSION = YES;
				CLANG_WARN_INFINITE_RECURSION = YES;
				CLANG_WARN_INT_CONVERSION = YES;
				CLANG_WARN_NON_LITERAL_NULL_CONVERSION = YES;
				CLANG_WARN_OBJC_IMPLICIT_RETAIN_SELF = YES;
				CLANG_WARN_OBJC_LITERAL_CONVERSION = YES;
				CLANG_WARN_OBJC_ROOT_CLASS = YES_ERROR;
				CLANG_WARN_RANGE_LOOP_ANALYSIS = YES;
				CLANG_WARN_STRICT_PROTOTYPES = YES;
				CLANG_WARN_SUSPICIOUS_MOVE = YES;
				CLANG_WARN_UNGUARDED_AVAILABILITY = YES_AGGRESSIVE;
				CLANG_WARN_UNREACHABLE_CODE = YES;
				CLANG_WARN__DUPLICATE_METHOD_MATCH = YES;
				CODE_SIGN_IDENTITY = "iPhone Developer";
				COPY_PHASE_STRIP = NO;
				DEBUG_INFORMATION_FORMAT = "dwarf-with-dsym";
				ENABLE_NS_ASSERTIONS = NO;
				ENABLE_STRICT_OBJC_MSGSEND = YES;
				GCC_C_LANGUAGE_STANDARD = gnu11;
				GCC_NO_COMMON_BLOCKS = YES;
				GCC_WARN_64_TO_32_BIT_CONVERSION = YES;
				GCC_WARN_ABOUT_RETURN_TYPE = YES_ERROR;
				GCC_WARN_UNDECLARED_SELECTOR = YES;
				GCC_WARN_UNINITIALIZED_AUTOS = YES_AGGRESSIVE;
				GCC_WARN_UNUSED_FUNCTION = YES;
				GCC_WARN_UNUSED_VARIABLE = YES;
				IPHONEOS_DEPLOYMENT_TARGET = 12.0;
				MTL_ENABLE_DEBUG_INFO = NO;
				MTL_FAST_MATH = YES;
				SDKROOT = iphoneos;
				SWIFT_COMPILATION_MODE = wholemodule;
				SWIFT_OPTIMIZATION_LEVEL = "-O";
				VALIDATE_PRODUCT = YES;
			};
			name = Release;
		};
		14F523572162433A00C34461 /* Debug */ = {
			isa = XCBuildConfiguration;
			buildSettings = {
				ASSETCATALOG_COMPILER_APPICON_NAME = AppIcon;
				CODE_SIGN_STYLE = Automatic;
				DEVELOPMENT_TEAM = FTSDJRAZR8;
				INFOPLIST_FILE = Pogodynka/Info.plist;
				LD_RUNPATH_SEARCH_PATHS = (
					"$(inherited)",
					"@executable_path/Frameworks",
				);
				PRODUCT_BUNDLE_IDENTIFIER = fg.Pogodynka;
				PRODUCT_NAME = "$(TARGET_NAME)";
				SWIFT_VERSION = 4.2;
				TARGETED_DEVICE_FAMILY = 1;
			};
			name = Debug;
		};
		14F523582162433A00C34461 /* Release */ = {
			isa = XCBuildConfiguration;
			buildSettings = {
				ASSETCATALOG_COMPILER_APPICON_NAME = AppIcon;
				CODE_SIGN_STYLE = Automatic;
				DEVELOPMENT_TEAM = FTSDJRAZR8;
				INFOPLIST_FILE = Pogodynka/Info.plist;
				LD_RUNPATH_SEARCH_PATHS = (
					"$(inherited)",
					"@executable_path/Frameworks",
				);
				PRODUCT_BUNDLE_IDENTIFIER = fg.Pogodynka;
				PRODUCT_NAME = "$(TARGET_NAME)";
				SWIFT_VERSION = 4.2;
				TARGETED_DEVICE_FAMILY = 1;
			};
			name = Release;
		};
/* End XCBuildConfiguration section */

/* Begin XCConfigurationList section */
		14F5233F2162433800C34461 /* Build configuration list for PBXProject "Pogodynka" */ = {
			isa = XCConfigurationList;
			buildConfigurations = (
				14F523542162433A00C34461 /* Debug */,
				14F523552162433A00C34461 /* Release */,
			);
			defaultConfigurationIsVisible = 0;
			defaultConfigurationName = Release;
		};
		14F523562162433A00C34461 /* Build configuration list for PBXNativeTarget "Pogodynka" */ = {
			isa = XCConfigurationList;
			buildConfigurations = (
				14F523572162433A00C34461 /* Debug */,
				14F523582162433A00C34461 /* Release */,
			);
			defaultConfigurationIsVisible = 0;
			defaultConfigurationName = Release;
		};
/* End XCConfigurationList section */
	};
	rootObject = 14F5233C2162433800C34461 /* Project object */;
}
